
Microsoft Visual Studio Solution File, Format Version 12.00
# Visual Studio Version 16
VisualStudioVersion = 16.0.30611.23
MinimumVisualStudioVersion = 10.0.40219.1
Project("{FAE04EC0-301F-11D3-BF4B-00C04F79EFBC}") = "Day2AdventCode", "Day2AdventCode\Day2AdventCode.csproj", "{F47137AE-786E-4718-B564-6B31719358DB}"
EndProject
Project("{FAE04EC0-301F-11D3-BF4B-00C04F79EFBC}") = "Day2AdventCodeTests", "Day2AdventCodeTests\Day2AdventCodeTests.csproj", "{A55FA17D-04FA-4672-B068-BA1AE73BA83C}"
EndProject
Global
	GlobalSection(SolutionConfigurationPlatforms) = preSolution
		Debug|Any CPU = Debug|Any CPU
		Release|Any CPU = Release|Any CPU
	EndGlobalSection
	GlobalSection(ProjectConfigurationPlatforms) = postSolution
		{F47137AE-786E-4718-B564-6B31719358DB}.Debug|Any CPU.ActiveCfg = Debug|Any CPU
		{F47137AE-786E-4718-B564-6B31719358DB}.Debug|Any CPU.Build.0 = Debug|Any CPU
		{F47137AE-786E-4718-B564-6B31719358DB}.Release|Any CPU.ActiveCfg = Release|Any CPU
		{F47137AE-786E-4718-B564-6B31719358DB}.Release|Any CPU.Build.0 = Release|Any CPU
		{A55FA17D-04FA-4672-B068-BA1AE73BA83C}.Debug|Any CPU.ActiveCfg = Debug|Any CPU
		{A55FA17D-04FA-4672-B068-BA1AE73BA83C}.Debug|Any CPU.Build.0 = Debug|Any CPU
		{A55FA17D-04FA-4672-B068-BA1AE73BA83C}.Release|Any CPU.ActiveCfg = Release|Any CPU
		{A55FA17D-04FA-4672-B068-BA1AE73BA83C}.Release|Any CPU.Build.0 = Release|Any CPU
	EndGlobalSection
	GlobalSection(SolutionProperties) = preSolution
		HideSolutionNode = FALSE
	EndGlobalSection
	GlobalSection(ExtensibilityGlobals) = postSolution
		SolutionGuid = {92132CFC-0FBC-4CA9-B36C-DC5D801E0895}
	EndGlobalSection
EndGlobal
